
Microsoft Visual Studio Solution File, Format Version 12.00
Project("{2150E333-8FDC-42A3-9474-1A3956D46DE8}") = "1.Presentation", "1.Presentation", "{F0278953-23C8-405D-B589-65616CD11B67}"
EndProject
Project("{2150E333-8FDC-42A3-9474-1A3956D46DE8}") = "2.Application", "2.Application", "{55FD1A45-A086-4593-8647-4E67D1047049}"
EndProject
Project("{2150E333-8FDC-42A3-9474-1A3956D46DE8}") = "3.Domain", "3.Domain", "{36A87B4F-065D-409D-AB67-9F3AC1282CD0}"
EndProject
Project("{2150E333-8FDC-42A3-9474-1A3956D46DE8}") = "4.DataAccess", "4.DataAccess", "{6B25F205-602C-40E4-9BB0-25919A619CB5}"
EndProject
Project("{2150E333-8FDC-42A3-9474-1A3956D46DE8}") = "5.Infrastructure", "5.Infrastructure", "{890605B6-6AAF-4CE5-9E4C-4E7A46B6B73F}"
	ProjectSection(SolutionItems) = preProject
		docker-compose.yml = docker-compose.yml
		sample_data_customer_1.csv = sample_data_customer_1.csv
	EndProjectSection
EndProject
Project("{FAE04EC0-301F-11D3-BF4B-00C04F79EFBC}") = "Lative.Presentation", "Lative.Presentation\Lative.Presentation.csproj", "{7E1CADBB-443D-438E-A74D-948C117C3C92}"
EndProject
Project("{FAE04EC0-301F-11D3-BF4B-00C04F79EFBC}") = "Lative.Presentation.Tests", "Lative.Presentation.Tests\Lative.Presentation.Tests.csproj", "{71143438-732E-4345-ADBB-427D3D0BC28D}"
EndProject
Project("{FAE04EC0-301F-11D3-BF4B-00C04F79EFBC}") = "Lative.Application", "Lative.Application\Lative.Application.csproj", "{49EF4413-E93A-4314-9A9A-B0A648576EBC}"
EndProject
Project("{FAE04EC0-301F-11D3-BF4B-00C04F79EFBC}") = "Lative.Application.Tests", "Lative.Application.Tests\Lative.Application.Tests.csproj", "{B426F239-819F-4AE5-A004-4E585AD4B702}"
EndProject
Project("{FAE04EC0-301F-11D3-BF4B-00C04F79EFBC}") = "Lative.Domain", "Lative.Domain\Lative.Domain.csproj", "{51F38B95-3883-4C1C-A4A5-3E3EC0296429}"
EndProject
Project("{FAE04EC0-301F-11D3-BF4B-00C04F79EFBC}") = "Lative.Domain.Tests", "Lative.Domain.Tests\Lative.Domain.Tests.csproj", "{DDEF343C-7AE0-4BB6-A97D-04DF81732990}"
EndProject
Project("{FAE04EC0-301F-11D3-BF4B-00C04F79EFBC}") = "Lative.DataAccess", "Lative.DataAccess\Lative.DataAccess.csproj", "{A581E241-7496-4ECA-A5B6-7BE97E94932E}"
EndProject
Project("{FAE04EC0-301F-11D3-BF4B-00C04F79EFBC}") = "Lative.Infrastructure", "Lative.Infrastructure\Lative.Infrastructure.csproj", "{83934B01-881B-462B-86B6-DE06B778C2E7}"
EndProject
Global
	GlobalSection(SolutionConfigurationPlatforms) = preSolution
		Debug|Any CPU = Debug|Any CPU
		Release|Any CPU = Release|Any CPU
	EndGlobalSection
	GlobalSection(NestedProjects) = preSolution
		{7E1CADBB-443D-438E-A74D-948C117C3C92} = {F0278953-23C8-405D-B589-65616CD11B67}
		{71143438-732E-4345-ADBB-427D3D0BC28D} = {F0278953-23C8-405D-B589-65616CD11B67}
		{49EF4413-E93A-4314-9A9A-B0A648576EBC} = {55FD1A45-A086-4593-8647-4E67D1047049}
		{B426F239-819F-4AE5-A004-4E585AD4B702} = {55FD1A45-A086-4593-8647-4E67D1047049}
		{51F38B95-3883-4C1C-A4A5-3E3EC0296429} = {36A87B4F-065D-409D-AB67-9F3AC1282CD0}
		{DDEF343C-7AE0-4BB6-A97D-04DF81732990} = {36A87B4F-065D-409D-AB67-9F3AC1282CD0}
		{A581E241-7496-4ECA-A5B6-7BE97E94932E} = {6B25F205-602C-40E4-9BB0-25919A619CB5}
		{83934B01-881B-462B-86B6-DE06B778C2E7} = {890605B6-6AAF-4CE5-9E4C-4E7A46B6B73F}
	EndGlobalSection
	GlobalSection(ProjectConfigurationPlatforms) = postSolution
		{7E1CADBB-443D-438E-A74D-948C117C3C92}.Debug|Any CPU.ActiveCfg = Debug|Any CPU
		{7E1CADBB-443D-438E-A74D-948C117C3C92}.Debug|Any CPU.Build.0 = Debug|Any CPU
		{7E1CADBB-443D-438E-A74D-948C117C3C92}.Release|Any CPU.ActiveCfg = Release|Any CPU
		{7E1CADBB-443D-438E-A74D-948C117C3C92}.Release|Any CPU.Build.0 = Release|Any CPU
		{71143438-732E-4345-ADBB-427D3D0BC28D}.Debug|Any CPU.ActiveCfg = Debug|Any CPU
		{71143438-732E-4345-ADBB-427D3D0BC28D}.Debug|Any CPU.Build.0 = Debug|Any CPU
		{71143438-732E-4345-ADBB-427D3D0BC28D}.Release|Any CPU.ActiveCfg = Release|Any CPU
		{71143438-732E-4345-ADBB-427D3D0BC28D}.Release|Any CPU.Build.0 = Release|Any CPU
		{49EF4413-E93A-4314-9A9A-B0A648576EBC}.Debug|Any CPU.ActiveCfg = Debug|Any CPU
		{49EF4413-E93A-4314-9A9A-B0A648576EBC}.Debug|Any CPU.Build.0 = Debug|Any CPU
		{49EF4413-E93A-4314-9A9A-B0A648576EBC}.Release|Any CPU.ActiveCfg = Release|Any CPU
		{49EF4413-E93A-4314-9A9A-B0A648576EBC}.Release|Any CPU.Build.0 = Release|Any CPU
		{B426F239-819F-4AE5-A004-4E585AD4B702}.Debug|Any CPU.ActiveCfg = Debug|Any CPU
		{B426F239-819F-4AE5-A004-4E585AD4B702}.Debug|Any CPU.Build.0 = Debug|Any CPU
		{B426F239-819F-4AE5-A004-4E585AD4B702}.Release|Any CPU.ActiveCfg = Release|Any CPU
		{B426F239-819F-4AE5-A004-4E585AD4B702}.Release|Any CPU.Build.0 = Release|Any CPU
		{51F38B95-3883-4C1C-A4A5-3E3EC0296429}.Debug|Any CPU.ActiveCfg = Debug|Any CPU
		{51F38B95-3883-4C1C-A4A5-3E3EC0296429}.Debug|Any CPU.Build.0 = Debug|Any CPU
		{51F38B95-3883-4C1C-A4A5-3E3EC0296429}.Release|Any CPU.ActiveCfg = Release|Any CPU
		{51F38B95-3883-4C1C-A4A5-3E3EC0296429}.Release|Any CPU.Build.0 = Release|Any CPU
		{DDEF343C-7AE0-4BB6-A97D-04DF81732990}.Debug|Any CPU.ActiveCfg = Debug|Any CPU
		{DDEF343C-7AE0-4BB6-A97D-04DF81732990}.Debug|Any CPU.Build.0 = Debug|Any CPU
		{DDEF343C-7AE0-4BB6-A97D-04DF81732990}.Release|Any CPU.ActiveCfg = Release|Any CPU
		{DDEF343C-7AE0-4BB6-A97D-04DF81732990}.Release|Any CPU.Build.0 = Release|Any CPU
		{A581E241-7496-4ECA-A5B6-7BE97E94932E}.Debug|Any CPU.ActiveCfg = Debug|Any CPU
		{A581E241-7496-4ECA-A5B6-7BE97E94932E}.Debug|Any CPU.Build.0 = Debug|Any CPU
		{A581E241-7496-4ECA-A5B6-7BE97E94932E}.Release|Any CPU.ActiveCfg = Release|Any CPU
		{A581E241-7496-4ECA-A5B6-7BE97E94932E}.Release|Any CPU.Build.0 = Release|Any CPU
		{83934B01-881B-462B-86B6-DE06B778C2E7}.Debug|Any CPU.ActiveCfg = Debug|Any CPU
		{83934B01-881B-462B-86B6-DE06B778C2E7}.Debug|Any CPU.Build.0 = Debug|Any CPU
		{83934B01-881B-462B-86B6-DE06B778C2E7}.Release|Any CPU.ActiveCfg = Release|Any CPU
		{83934B01-881B-462B-86B6-DE06B778C2E7}.Release|Any CPU.Build.0 = Release|Any CPU
	EndGlobalSection
EndGlobal
